
Microsoft Visual Studio Solution File, Format Version 12.00
# Visual Studio Version 17
VisualStudioVersion = 17.10.34916.146
MinimumVisualStudioVersion = 10.0.40219.1
Project("{9A19103F-16F7-4668-BE54-9A1E7A4F7556}") = "EShopSolution.WebApp", "EShopSolution.WebApp\EShopSolution.WebApp.csproj", "{2AB0E927-DABC-42FD-8FF5-FDCBCBAB3D34}"
EndProject
Project("{FAE04EC0-301F-11D3-BF4B-00C04F79EFBC}") = "EShopSolution.Data", "EShopSolution.Data\EShopSolution.Data.csproj", "{9F9DCEC1-FD37-47C1-89ED-A6C7FC06BF9C}"
EndProject
Project("{FAE04EC0-301F-11D3-BF4B-00C04F79EFBC}") = "EShopSolution.Application", "EShopSolution.Application\EShopSolution.Application.csproj", "{B3E3BA1E-A0F6-40AD-A843-080869DC21CB}"
EndProject
Global
	GlobalSection(SolutionConfigurationPlatforms) = preSolution
		Debug|Any CPU = Debug|Any CPU
		Release|Any CPU = Release|Any CPU
	EndGlobalSection
	GlobalSection(ProjectConfigurationPlatforms) = postSolution
		{2AB0E927-DABC-42FD-8FF5-FDCBCBAB3D34}.Debug|Any CPU.ActiveCfg = Debug|Any CPU
		{2AB0E927-DABC-42FD-8FF5-FDCBCBAB3D34}.Debug|Any CPU.Build.0 = Debug|Any CPU
		{2AB0E927-DABC-42FD-8FF5-FDCBCBAB3D34}.Release|Any CPU.ActiveCfg = Release|Any CPU
		{2AB0E927-DABC-42FD-8FF5-FDCBCBAB3D34}.Release|Any CPU.Build.0 = Release|Any CPU
		{9F9DCEC1-FD37-47C1-89ED-A6C7FC06BF9C}.Debug|Any CPU.ActiveCfg = Debug|Any CPU
		{9F9DCEC1-FD37-47C1-89ED-A6C7FC06BF9C}.Debug|Any CPU.Build.0 = Debug|Any CPU
		{9F9DCEC1-FD37-47C1-89ED-A6C7FC06BF9C}.Release|Any CPU.ActiveCfg = Release|Any CPU
		{9F9DCEC1-FD37-47C1-89ED-A6C7FC06BF9C}.Release|Any CPU.Build.0 = Release|Any CPU
		{B3E3BA1E-A0F6-40AD-A843-080869DC21CB}.Debug|Any CPU.ActiveCfg = Debug|Any CPU
		{B3E3BA1E-A0F6-40AD-A843-080869DC21CB}.Debug|Any CPU.Build.0 = Debug|Any CPU
		{B3E3BA1E-A0F6-40AD-A843-080869DC21CB}.Release|Any CPU.ActiveCfg = Release|Any CPU
		{B3E3BA1E-A0F6-40AD-A843-080869DC21CB}.Release|Any CPU.Build.0 = Release|Any CPU
	EndGlobalSection
	GlobalSection(SolutionProperties) = preSolution
		HideSolutionNode = FALSE
	EndGlobalSection
	GlobalSection(ExtensibilityGlobals) = postSolution
		SolutionGuid = {670D711A-2B0F-43BC-83D5-AB486354E137}
	EndGlobalSection
EndGlobal
